name: update-flake-lock

on:
  workflow_dispatch:
  schedule:
    - cron: "0 0 * * 0"

jobs:
  update-flake-lock:
    runs-on: ubuntu-latest
    steps:
      - uses: actions/checkout@v3

      - name: Install Nix
        uses: DeterminateSystems/nix-installer-action@v4

      - name: Update flake.lock
        uses: DeterminateSystems/update-flake-lock@v19
